%{
  "axon": {:hex, :axon, "0.6.0", "fd7560079581e4cedebaf0cd5f741d6ac3516d06f204ebaf1283b1093bf66ff6", [:mix], [{:kino, "~> 0.7", [hex: :kino, repo: "hexpm", optional: true]}, {:kino_vega_lite, "~> 0.1.7", [hex: :kino_vega_lite, repo: "hexpm", optional: true]}, {:nx, "~> 0.6.0", [hex: :nx, repo: "hexpm", optional: false]}, {:polaris, "~> 0.1", [hex: :polaris, repo: "hexpm", optional: false]}, {:table_rex, "~> 3.1.1", [hex: :table_rex, repo: "hexpm", optional: true]}], "hexpm", "204e7aeb50d231a30b25456adf17bfbaae33fe7c085e03793357ac3bf62fd853"},
  "benchee": {:hex, :benchee, "1.3.0", "f64e3b64ad3563fa9838146ddefb2d2f94cf5b473bdfd63f5ca4d0657bf96694", [:mix], [{:deep_merge, "~> 1.0", [hex: :deep_merge, repo: "hexpm", optional: false]}, {:statistex, "~> 1.0", [hex: :statistex, repo: "hexpm", optional: false]}, {:table, "~> 0.1.0", [hex: :table, repo: "hexpm", optional: true]}], "hexpm", "34f4294068c11b2bd2ebf2c59aac9c7da26ffa0068afdf3419f1b176e16c5f81"},
  "bumblebee": {:hex, :bumblebee, "0.4.2", "bf2a68be6fd3eaf3244bcc3fc985b0b2286b0a975764ecb30e39e73e2a329415", [:mix], [{:axon, "~> 0.6.0", [hex: :axon, repo: "hexpm", optional: false]}, {:castore, "~> 0.1 or ~> 1.0", [hex: :castore, repo: "hexpm", optional: false]}, {:jason, "~> 1.4.0", [hex: :jason, repo: "hexpm", optional: false]}, {:nx, "~> 0.6.2", [hex: :nx, repo: "hexpm", optional: false]}, {:nx_image, "~> 0.1.0", [hex: :nx_image, repo: "hexpm", optional: false]}, {:nx_signal, "~> 0.2.0", [hex: :nx_signal, repo: "hexpm", optional: false]}, {:progress_bar, "~> 3.0", [hex: :progress_bar, repo: "hexpm", optional: false]}, {:safetensors, "~> 0.1.2", [hex: :safetensors, repo: "hexpm", optional: false]}, {:tokenizers, "~> 0.4", [hex: :tokenizers, repo: "hexpm", optional: false]}, {:unpickler, "~> 0.1.0", [hex: :unpickler, repo: "hexpm", optional: false]}, {:unzip, "0.8.0", [hex: :unzip, repo: "hexpm", optional: false]}], "hexpm", "0e05b981562a12aeb91bdf01722f0cb4301e6462e80e3ffb126641027fc0977f"},
  "bunt": {:hex, :bunt, "1.0.0", "081c2c665f086849e6d57900292b3a161727ab40431219529f13c4ddcf3e7a44", [:mix], [], "hexpm", "dc5f86aa08a5f6fa6b8096f0735c4e76d54ae5c9fa2c143e5a1fc7c1cd9bb6b5"},
  "castore": {:hex, :castore, "1.0.5", "9eeebb394cc9a0f3ae56b813459f990abb0a3dedee1be6b27fdb50301930502f", [:mix], [], "hexpm", "8d7c597c3e4a64c395980882d4bca3cebb8d74197c590dc272cfd3b6a6310578"},
  "complex": {:hex, :complex, "0.5.0", "af2d2331ff6170b61bb738695e481b27a66780e18763e066ee2cd863d0b1dd92", [:mix], [], "hexpm", "2683bd3c184466cfb94fad74cbfddfaa94b860e27ad4ca1bffe3bff169d91ef1"},
  "credo": {:hex, :credo, "1.7.5", "643213503b1c766ec0496d828c90c424471ea54da77c8a168c725686377b9545", [:mix], [{:bunt, "~> 0.2.1 or ~> 1.0", [hex: :bunt, repo: "hexpm", optional: false]}, {:file_system, "~> 0.2 or ~> 1.0", [hex: :file_system, repo: "hexpm", optional: false]}, {:jason, "~> 1.0", [hex: :jason, repo: "hexpm", optional: false]}], "hexpm", "f799e9b5cd1891577d8c773d245668aa74a2fcd15eb277f51a0131690ebfb3fd"},
  "decimal": {:hex, :decimal, "2.1.1", "5611dca5d4b2c3dd497dec8f68751f1f1a54755e8ed2a966c2633cf885973ad6", [:mix], [], "hexpm", "53cfe5f497ed0e7771ae1a475575603d77425099ba5faef9394932b35020ffcc"},
  "deep_merge": {:hex, :deep_merge, "1.0.0", "b4aa1a0d1acac393bdf38b2291af38cb1d4a52806cf7a4906f718e1feb5ee961", [:mix], [], "hexpm", "ce708e5f094b9cd4e8f2be4f00d2f4250c4095be93f8cd6d018c753894885430"},
  "dialyxir": {:hex, :dialyxir, "1.4.3", "edd0124f358f0b9e95bfe53a9fcf806d615d8f838e2202a9f430d59566b6b53b", [:mix], [{:erlex, ">= 0.2.6", [hex: :erlex, repo: "hexpm", optional: false]}], "hexpm", "bf2cfb75cd5c5006bec30141b131663299c661a864ec7fbbc72dfa557487a986"},
  "earmark_parser": {:hex, :earmark_parser, "1.4.39", "424642f8335b05bb9eb611aa1564c148a8ee35c9c8a8bba6e129d51a3e3c6769", [:mix], [], "hexpm", "06553a88d1f1846da9ef066b87b57c6f605552cfbe40d20bd8d59cc6bde41944"},
  "elixir_make": {:hex, :elixir_make, "0.7.7", "7128c60c2476019ed978210c245badf08b03dbec4f24d05790ef791da11aa17c", [:mix], [{:castore, "~> 0.1 or ~> 1.0", [hex: :castore, repo: "hexpm", optional: true]}], "hexpm", "5bc19fff950fad52bbe5f211b12db9ec82c6b34a9647da0c2224b8b8464c7e6c"},
  "erlex": {:hex, :erlex, "0.2.6", "c7987d15e899c7a2f34f5420d2a2ea0d659682c06ac607572df55a43753aa12e", [:mix], [], "hexpm", "2ed2e25711feb44d52b17d2780eabf998452f6efda104877a3881c2f8c0c0c75"},
  "ex_doc": {:hex, :ex_doc, "0.32.2", "f60bbeb6ccbe75d005763e2a328e6f05e0624232f2393bc693611c2d3ae9fa0e", [:mix], [{:earmark_parser, "~> 1.4.39", [hex: :earmark_parser, repo: "hexpm", optional: false]}, {:makeup_c, ">= 0.1.0", [hex: :makeup_c, repo: "hexpm", optional: true]}, {:makeup_elixir, "~> 0.14 or ~> 1.0", [hex: :makeup_elixir, repo: "hexpm", optional: false]}, {:makeup_erlang, "~> 0.1 or ~> 1.0", [hex: :makeup_erlang, repo: "hexpm", optional: false]}, {:makeup_html, ">= 0.1.0", [hex: :makeup_html, repo: "hexpm", optional: true]}], "hexpm", "a4480305cdfe7fdfcbb77d1092c76161626d9a7aa4fb698aee745996e34602df"},
  "exla": {:hex, :exla, "0.6.4", "24a46884696c4904d7c8f87a41461a7460f5f118ca171062044d187b32fae279", [:make, :mix], [{:elixir_make, "~> 0.6", [hex: :elixir_make, repo: "hexpm", optional: false]}, {:nx, "~> 0.6.4", [hex: :nx, repo: "hexpm", optional: false]}, {:telemetry, "~> 0.4.0 or ~> 1.0", [hex: :telemetry, repo: "hexpm", optional: false]}, {:xla, "~> 0.5.0", [hex: :xla, repo: "hexpm", optional: false]}], "hexpm", "09b3608b55941736f222388da7611f33fe4b0bb308119cdf2f32f50b924d0ad6"},
  "file_system": {:hex, :file_system, "1.0.0", "b689cc7dcee665f774de94b5a832e578bd7963c8e637ef940cd44327db7de2cd", [:mix], [], "hexpm", "6752092d66aec5a10e662aefeed8ddb9531d79db0bc145bb8c40325ca1d8536d"},
  "finch": {:hex, :finch, "0.16.0", "40733f02c89f94a112518071c0a91fe86069560f5dbdb39f9150042f44dcfb1a", [:mix], [{:castore, "~> 0.1 or ~> 1.0", [hex: :castore, repo: "hexpm", optional: false]}, {:mime, "~> 1.0 or ~> 2.0", [hex: :mime, repo: "hexpm", optional: false]}, {:mint, "~> 1.3", [hex: :mint, repo: "hexpm", optional: false]}, {:nimble_options, "~> 0.4 or ~> 1.0", [hex: :nimble_options, repo: "hexpm", optional: false]}, {:nimble_pool, "~> 0.2.6 or ~> 1.0", [hex: :nimble_pool, repo: "hexpm", optional: false]}, {:telemetry, "~> 0.4 or ~> 1.0", [hex: :telemetry, repo: "hexpm", optional: false]}], "hexpm", "f660174c4d519e5fec629016054d60edd822cdfe2b7270836739ac2f97735ec5"},
  "hpax": {:hex, :hpax, "0.1.2", "09a75600d9d8bbd064cdd741f21fc06fc1f4cf3d0fcc335e5aa19be1a7235c84", [:mix], [], "hexpm", "2c87843d5a23f5f16748ebe77969880e29809580efdaccd615cd3bed628a8c13"},
  "http_downloader": {:hex, :http_downloader, "0.3.0", "546a0f56c73a5ec8277999678a85734e55e571a576613eb64e32c3b8d2cf3efa", [:mix], [{:progress_bar, "~> 3.0", [hex: :progress_bar, repo: "hexpm", optional: false]}, {:req, "~> 0.4", [hex: :req, repo: "hexpm", optional: false]}], "hexpm", "df7b28a78a8cdd4bbdaf2f0e3612d84bc97170da14bc96f351f6e89c6371f620"},
  "jason": {:hex, :jason, "1.4.1", "af1504e35f629ddcdd6addb3513c3853991f694921b1b9368b0bd32beb9f1b63", [:mix], [{:decimal, "~> 1.0 or ~> 2.0", [hex: :decimal, repo: "hexpm", optional: true]}], "hexpm", "fbb01ecdfd565b56261302f7e1fcc27c4fb8f32d56eab74db621fc154604a7a1"},
  "makeup": {:hex, :makeup, "1.1.1", "fa0bc768698053b2b3869fa8a62616501ff9d11a562f3ce39580d60860c3a55e", [:mix], [{:nimble_parsec, "~> 1.2.2 or ~> 1.3", [hex: :nimble_parsec, repo: "hexpm", optional: false]}], "hexpm", "5dc62fbdd0de44de194898b6710692490be74baa02d9d108bc29f007783b0b48"},
  "makeup_elixir": {:hex, :makeup_elixir, "0.16.2", "627e84b8e8bf22e60a2579dad15067c755531fea049ae26ef1020cad58fe9578", [:mix], [{:makeup, "~> 1.0", [hex: :makeup, repo: "hexpm", optional: false]}, {:nimble_parsec, "~> 1.2.3 or ~> 1.3", [hex: :nimble_parsec, repo: "hexpm", optional: false]}], "hexpm", "41193978704763f6bbe6cc2758b84909e62984c7752b3784bd3c218bb341706b"},
  "makeup_erlang": {:hex, :makeup_erlang, "1.0.0", "6f0eff9c9c489f26b69b61440bf1b238d95badae49adac77973cbacae87e3c2e", [:mix], [{:makeup, "~> 1.0", [hex: :makeup, repo: "hexpm", optional: false]}], "hexpm", "ea7a9307de9d1548d2a72d299058d1fd2339e3d398560a0e46c27dab4891e4d2"},
  "mime": {:hex, :mime, "2.0.5", "dc34c8efd439abe6ae0343edbb8556f4d63f178594894720607772a041b04b02", [:mix], [], "hexpm", "da0d64a365c45bc9935cc5c8a7fc5e49a0e0f9932a761c55d6c52b142780a05c"},
  "mint": {:hex, :mint, "1.5.2", "4805e059f96028948870d23d7783613b7e6b0e2fb4e98d720383852a760067fd", [:mix], [{:castore, "~> 0.1.0 or ~> 1.0", [hex: :castore, repo: "hexpm", optional: true]}, {:hpax, "~> 0.1.1", [hex: :hpax, repo: "hexpm", optional: false]}], "hexpm", "d77d9e9ce4eb35941907f1d3df38d8f750c357865353e21d335bdcdf6d892a02"},
  "nimble_options": {:hex, :nimble_options, "1.1.0", "3b31a57ede9cb1502071fade751ab0c7b8dbe75a9a4c2b5bbb0943a690b63172", [:mix], [], "hexpm", "8bbbb3941af3ca9acc7835f5655ea062111c9c27bcac53e004460dfd19008a99"},
  "nimble_parsec": {:hex, :nimble_parsec, "1.4.0", "51f9b613ea62cfa97b25ccc2c1b4216e81df970acd8e16e8d1bdc58fef21370d", [:mix], [], "hexpm", "9c565862810fb383e9838c1dd2d7d2c437b3d13b267414ba6af33e50d2d1cf28"},
  "nimble_pool": {:hex, :nimble_pool, "1.0.0", "5eb82705d138f4dd4423f69ceb19ac667b3b492ae570c9f5c900bb3d2f50a847", [:mix], [], "hexpm", "80be3b882d2d351882256087078e1b1952a28bf98d0a287be87e4a24a710b67a"},
  "node_activator": {:hex, :node_activator, "0.2.0", "b9ea947229d0c38a4562c7ef3408279dd9d438c29eed2b3d5c31bf261141b6d2", [:mix], [], "hexpm", "24c977a2838a265bb2f26003c8445e30a01bf96ab448ab4d1be21886654cd1aa"},
  "nx": {:hex, :nx, "0.6.4", "948d9f42f81e63fc901d243ac0a985c8bb87358be62e27826cfd67f58bc640af", [:mix], [{:complex, "~> 0.5", [hex: :complex, repo: "hexpm", optional: false]}, {:telemetry, "~> 0.4.0 or ~> 1.0", [hex: :telemetry, repo: "hexpm", optional: false]}], "hexpm", "bb9c2e2e3545b5eb4739d69046a988daaa212d127dba7d97801c291616aff6d6"},
  "nx_image": {:hex, :nx_image, "0.1.1", "69cf0d2fd873d12b028583aa49b5e0a25f6aca307afc337a5d871851a20fba1d", [:mix], [{:nx, "~> 0.4", [hex: :nx, repo: "hexpm", optional: false]}], "hexpm", "55c8206a822237f6027168f11214e3887263c5b8a1f8e0634eea82c96e5093e3"},
  "nx_signal": {:hex, :nx_signal, "0.2.0", "e1ca0318877b17c81ce8906329f5125f1e2361e4c4235a5baac8a95ee88ea98e", [:mix], [{:nx, "~> 0.6", [hex: :nx, repo: "hexpm", optional: false]}], "hexpm", "7247e5e18a177a59c4cb5355952900c62fdeadeb2bad02a9a34237b68744e2bb"},
  "polaris": {:hex, :polaris, "0.1.0", "dca61b18e3e801ecdae6ac9f0eca5f19792b44a5cb4b8d63db50fc40fc038d22", [:mix], [{:nx, "~> 0.5", [hex: :nx, repo: "hexpm", optional: false]}], "hexpm", "13ef2b166650e533cb24b10e2f3b8ab4f2f449ba4d63156e8c569527f206e2c2"},
  "progress_bar": {:hex, :progress_bar, "3.0.0", "f54ff038c2ac540cfbb4c2bfe97c75e7116ead044f3c2b10c9f212452194b5cd", [:mix], [{:decimal, "~> 2.0", [hex: :decimal, repo: "hexpm", optional: false]}], "hexpm", "6981c2b25ab24aecc91a2dc46623658e1399c21a2ae24db986b90d678530f2b7"},
  "req": {:hex, :req, "0.4.8", "2b754a3925ddbf4ad78c56f30208ced6aefe111a7ea07fb56c23dccc13eb87ae", [:mix], [{:brotli, "~> 0.3.1", [hex: :brotli, repo: "hexpm", optional: true]}, {:ezstd, "~> 1.0", [hex: :ezstd, repo: "hexpm", optional: true]}, {:finch, "~> 0.9", [hex: :finch, repo: "hexpm", optional: false]}, {:jason, "~> 1.0", [hex: :jason, repo: "hexpm", optional: false]}, {:mime, "~> 1.6 or ~> 2.0", [hex: :mime, repo: "hexpm", optional: false]}, {:nimble_csv, "~> 1.0", [hex: :nimble_csv, repo: "hexpm", optional: true]}, {:plug, "~> 1.0", [hex: :plug, repo: "hexpm", optional: true]}], "hexpm", "7146e51d52593bb7f20d00b5308a5d7d17d663d6e85cd071452b613a8277100c"},
  "rustler_precompiled": {:hex, :rustler_precompiled, "0.7.1", "ecadf02cc59a0eccbaed6c1937303a5827fbcf60010c541595e6d3747d3d0f9f", [:mix], [{:castore, "~> 0.1 or ~> 1.0", [hex: :castore, repo: "hexpm", optional: false]}, {:rustler, "~> 0.23", [hex: :rustler, repo: "hexpm", optional: true]}], "hexpm", "b9e4657b99a1483ea31502e1d58c464bedebe9028808eda45c3a429af4550c66"},
  "safetensors": {:hex, :safetensors, "0.1.2", "849434fea20b2ed14b92e74205a925d86039c4ef53efe861e5c7b574c3ba8fa6", [:mix], [{:jason, "~> 1.4", [hex: :jason, repo: "hexpm", optional: false]}, {:nx, "~> 0.5", [hex: :nx, repo: "hexpm", optional: false]}], "hexpm", "298a5c82e34fc3b955464b89c080aa9a2625a47d69148d51113771e19166d4e0"},
  "spawn_co_elixir": {:hex, :spawn_co_elixir, "0.3.0", "2403b56e2b13f47df3a1ee62ef49fada7fea7f865370ead80e03d5a4b4080617", [:mix], [{:node_activator, "~> 0.2", [hex: :node_activator, repo: "hexpm", optional: false]}], "hexpm", "8addacf728117cd64ee21e2fae8b42293f0e7fc3ebff48697f5280db324986d9"},
  "statistex": {:hex, :statistex, "1.0.0", "f3dc93f3c0c6c92e5f291704cf62b99b553253d7969e9a5fa713e5481cd858a5", [:mix], [], "hexpm", "ff9d8bee7035028ab4742ff52fc80a2aa35cece833cf5319009b52f1b5a86c27"},
  "telemetry": {:hex, :telemetry, "1.2.1", "68fdfe8d8f05a8428483a97d7aab2f268aaff24b49e0f599faa091f1d4e7f61c", [:rebar3], [], "hexpm", "dad9ce9d8effc621708f99eac538ef1cbe05d6a874dd741de2e689c47feafed5"},
  "tokenizers": {:hex, :tokenizers, "0.4.0", "140283ca74a971391ddbd83cd8cbdb9bd03736f37a1b6989b82d245a95e1eb97", [:mix], [{:castore, "~> 0.1 or ~> 1.0", [hex: :castore, repo: "hexpm", optional: false]}, {:rustler, ">= 0.0.0", [hex: :rustler, repo: "hexpm", optional: true]}, {:rustler_precompiled, "~> 0.6", [hex: :rustler_precompiled, repo: "hexpm", optional: false]}], "hexpm", "ef1a9824f5a893cd3b831c0e5b3d72caa250d2ec462035cc6afef6933b13a82e"},
  "unpickler": {:hex, :unpickler, "0.1.0", "c2262c0819e6985b761e7107546cef96a485f401816be5304a65fdd200d5bd6a", [:mix], [], "hexpm", "e2b3f61e62406187ac52afead8a63bfb4e49394028993f3c4c42712743cab79e"},
  "unzip": {:hex, :unzip, "0.8.0", "ee21d87c21b01567317387dab4228ac570ca15b41cfc221a067354cbf8e68c4d", [:mix], [], "hexpm", "ffa67a483efcedcb5876971a50947222e104d5f8fea2c4a0441e6f7967854827"},
  "xla": {:hex, :xla, "0.5.1", "8ba4c2c51c1a708ff54e9d4f88158c1a75b7f2cb3e5db02bf222b5b3852afffd", [:make, :mix], [{:elixir_make, "~> 0.4", [hex: :elixir_make, repo: "hexpm", optional: false]}], "hexpm", "82a2490f6e9a76c8a29d1aedb47f07c59e3d5081095eac5a74db34d46c8212bc"},
}
